<?xml version="1.0" encoding="utf-8"?>
<Project ToolsVersion="4.0" xmlns="http://schemas.microsoft.com/developer/msbuild/2003">
  <ItemGroup>
    <Filter Include="源文件">
      <UniqueIdentifier>{4FC737F1-C7A5-4376-A066-2A32D752A2FF}</UniqueIdentifier>
      <Extensions>cpp;c;cc;cxx;def;odl;idl;hpj;bat;asm;asmx</Extensions>
    </Filter>
    <Filter Include="头文件">
      <UniqueIdentifier>{93995380-89BD-4b04-88EB-625FBE52EBFB}</UniqueIdentifier>
      <Extensions>h;hh;hpp;hxx;hm;inl;inc;xsd</Extensions>
    </Filter>
    <Filter Include="资源文件">
      <UniqueIdentifier>{67DA6AB6-F800-4c08-8B7A-83BB121AAD01}</UniqueIdentifier>
      <Extensions>rc;ico;cur;bmp;dlg;rc2;rct;bin;rgs;gif;jpg;jpeg;jpe;resx;tiff;tif;png;wav;mfcribbon-ms</Extensions>
    </Filter>
  </ItemGroup>
  <ItemGroup>
    <ClInclude Include="..\src\dpiErrorMessages.h">
      <Filter>源文件</Filter>
    </ClInclude>
    <ClInclude Include="..\src\dpiImpl.h">
      <Filter>源文件</Filter>
    </ClInclude>
    <ClInclude Include="..\include\dpi.h">
      <Filter>头文件</Filter>
    </ClInclude>
  </ItemGroup>
  <ItemGroup>
    <ClCompile Include="..\src\dpiConn.c">
      <Filter>源文件</Filter>
    </ClCompile>
    <ClCompile Include="..\src\dpiContext.c">
      <Filter>源文件</Filter>
    </ClCompile>
    <ClCompile Include="..\src\dpiData.c">
      <Filter>源文件</Filter>
    </ClCompile>
    <ClCompile Include="..\src\dpiDebug.c">
      <Filter>源文件</Filter>
    </ClCompile>
    <ClCompile Include="..\src\dpiDeqOptions.c">
      <Filter>源文件</Filter>
    </ClCompile>
    <ClCompile Include="..\src\dpiEnqOptions.c">
      <Filter>源文件</Filter>
    </ClCompile>
    <ClCompile Include="..\src\dpiEnv.c">
      <Filter>源文件</Filter>
    </ClCompile>
    <ClCompile Include="..\src\dpiError.c">
      <Filter>源文件</Filter>
    </ClCompile>
    <ClCompile Include="..\src\dpiGen.c">
      <Filter>源文件</Filter>
    </ClCompile>
    <ClCompile Include="..\src\dpiGlobal.c">
      <Filter>源文件</Filter>
    </ClCompile>
    <ClCompile Include="..\src\dpiHandleList.c">
      <Filter>源文件</Filter>
    </ClCompile>
    <ClCompile Include="..\src\dpiHandlePool.c">
      <Filter>源文件</Filter>
    </ClCompile>
    <ClCompile Include="..\src\dpiJson.c">
      <Filter>源文件</Filter>
    </ClCompile>
    <ClCompile Include="..\src\dpiLob.c">
      <Filter>源文件</Filter>
    </ClCompile>
    <ClCompile Include="..\src\dpiMsgProps.c">
      <Filter>源文件</Filter>
    </ClCompile>
    <ClCompile Include="..\src\dpiObject.c">
      <Filter>源文件</Filter>
    </ClCompile>
    <ClCompile Include="..\src\dpiObjectAttr.c">
      <Filter>源文件</Filter>
    </ClCompile>
    <ClCompile Include="..\src\dpiObjectType.c">
      <Filter>源文件</Filter>
    </ClCompile>
    <ClCompile Include="..\src\dpiOci.c">
      <Filter>源文件</Filter>
    </ClCompile>
    <ClCompile Include="..\src\dpiOracleType.c">
      <Filter>源文件</Filter>
    </ClCompile>
    <ClCompile Include="..\src\dpiPool.c">
      <Filter>源文件</Filter>
    </ClCompile>
    <ClCompile Include="..\src\dpiQueue.c">
      <Filter>源文件</Filter>
    </ClCompile>
    <ClCompile Include="..\src\dpiRowid.c">
      <Filter>源文件</Filter>
    </ClCompile>
    <ClCompile Include="..\src\dpiSodaColl.c">
      <Filter>源文件</Filter>
    </ClCompile>
    <ClCompile Include="..\src\dpiSodaCollCursor.c">
      <Filter>源文件</Filter>
    </ClCompile>
    <ClCompile Include="..\src\dpiSodaDb.c">
      <Filter>源文件</Filter>
    </ClCompile>
    <ClCompile Include="..\src\dpiSodaDoc.c">
      <Filter>源文件</Filter>
    </ClCompile>
    <ClCompile Include="..\src\dpiSodaDocCursor.c">
      <Filter>源文件</Filter>
    </ClCompile>
    <ClCompile Include="..\src\dpiStmt.c">
      <Filter>源文件</Filter>
    </ClCompile>
    <ClCompile Include="..\src\dpiSubscr.c">
      <Filter>源文件</Filter>
    </ClCompile>
    <ClCompile Include="..\src\dpiUtils.c">
      <Filter>源文件</Filter>
    </ClCompile>
    <ClCompile Include="..\src\dpiVar.c">
      <Filter>源文件</Filter>
    </ClCompile>
  </ItemGroup>
</Project>